
Microsoft Visual Studio Solution File, Format Version 12.00
# Visual Studio 15
VisualStudioVersion = 15.0.27130.2036
MinimumVisualStudioVersion = 10.0.40219.1
Project("{FAE04EC0-301F-11D3-BF4B-00C04F79EFBC}") = "LoL_Builds", "LoL_Builds\LoL_Builds.csproj", "{D1011F0F-943B-4898-8100-48D0D2F503BA}"
EndProject
Global
	GlobalSection(SolutionConfigurationPlatforms) = preSolution
		Debug|Any CPU = Debug|Any CPU
		Release|Any CPU = Release|Any CPU
	EndGlobalSection
	GlobalSection(ProjectConfigurationPlatforms) = postSolution
		{D1011F0F-943B-4898-8100-48D0D2F503BA}.Debug|Any CPU.ActiveCfg = Debug|Any CPU
		{D1011F0F-943B-4898-8100-48D0D2F503BA}.Debug|Any CPU.Build.0 = Debug|Any CPU
		{D1011F0F-943B-4898-8100-48D0D2F503BA}.Release|Any CPU.ActiveCfg = Release|Any CPU
		{D1011F0F-943B-4898-8100-48D0D2F503BA}.Release|Any CPU.Build.0 = Release|Any CPU
	EndGlobalSection
	GlobalSection(SolutionProperties) = preSolution
		HideSolutionNode = FALSE
	EndGlobalSection
	GlobalSection(ExtensibilityGlobals) = postSolution
		SolutionGuid = {5D038F73-BCA7-4EB7-8442-4AA88B4040AA}
	EndGlobalSection
EndGlobal
